
Microsoft Visual Studio Solution File, Format Version 12.00
# Visual Studio Version 16
VisualStudioVersion = 16.0.30804.86
MinimumVisualStudioVersion = 10.0.40219.1
Project("{9A19103F-16F7-4668-BE54-9A1E7A4F7556}") = "WpfApp1", "WpfApp1\WpfApp1.csproj", "{C9D79DAF-AAB6-43CD-AA9B-BDDDE3FAD40C}"
EndProject
Project("{9A19103F-16F7-4668-BE54-9A1E7A4F7556}") = "Case04_using_Converter", "E:\UnzipFolder\Case04_using_Converter\Case04_using_Converter.csproj", "{A6B76548-D3AA-4D32-BF6D-919E5D920017}"
EndProject
Global
	GlobalSection(SolutionConfigurationPlatforms) = preSolution
		Debug|Any CPU = Debug|Any CPU
		Release|Any CPU = Release|Any CPU
	EndGlobalSection
	GlobalSection(ProjectConfigurationPlatforms) = postSolution
		{C9D79DAF-AAB6-43CD-AA9B-BDDDE3FAD40C}.Debug|Any CPU.ActiveCfg = Debug|Any CPU
		{C9D79DAF-AAB6-43CD-AA9B-BDDDE3FAD40C}.Debug|Any CPU.Build.0 = Debug|Any CPU
		{C9D79DAF-AAB6-43CD-AA9B-BDDDE3FAD40C}.Release|Any CPU.ActiveCfg = Release|Any CPU
		{C9D79DAF-AAB6-43CD-AA9B-BDDDE3FAD40C}.Release|Any CPU.Build.0 = Release|Any CPU
		{A6B76548-D3AA-4D32-BF6D-919E5D920017}.Debug|Any CPU.ActiveCfg = Debug|Any CPU
		{A6B76548-D3AA-4D32-BF6D-919E5D920017}.Debug|Any CPU.Build.0 = Debug|Any CPU
		{A6B76548-D3AA-4D32-BF6D-919E5D920017}.Release|Any CPU.ActiveCfg = Release|Any CPU
		{A6B76548-D3AA-4D32-BF6D-919E5D920017}.Release|Any CPU.Build.0 = Release|Any CPU
	EndGlobalSection
	GlobalSection(SolutionProperties) = preSolution
		HideSolutionNode = FALSE
	EndGlobalSection
	GlobalSection(ExtensibilityGlobals) = postSolution
		SolutionGuid = {7F17539E-34E2-4AEA-A847-55387BB24300}
	EndGlobalSection
EndGlobal
